
Microsoft Visual Studio Solution File, Format Version 12.00
# Visual Studio Version 17
VisualStudioVersion = 17.13.35818.85
MinimumVisualStudioVersion = 10.0.40219.1
Project("{FAE04EC0-301F-11D3-BF4B-00C04F79EFBC}") = "LabManagementApi", "LabManagementApi\LabManagementApi.csproj", "{BC87A952-0F60-00C3-F954-CD10A162DAF7}"
EndProject
Project("{FAE04EC0-301F-11D3-BF4B-00C04F79EFBC}") = "LabManagementApp", "LabManagementApp\LabManagementApp.csproj", "{148B75B6-0BD3-A62E-3767-CF1D1023AB53}"
	ProjectSection(ProjectDependencies) = postProject
		{BC87A952-0F60-00C3-F954-CD10A162DAF7} = {BC87A952-0F60-00C3-F954-CD10A162DAF7}
	EndProjectSection
EndProject
Project("{FAE04EC0-301F-11D3-BF4B-00C04F79EFBC}") = "MachineInfoService", "MachineInfoService\MachineInfoService.csproj", "{4BD8A353-7A70-9FC3-2E4E-EFB567AB278D}"
	ProjectSection(ProjectDependencies) = postProject
		{BC87A952-0F60-00C3-F954-CD10A162DAF7} = {BC87A952-0F60-00C3-F954-CD10A162DAF7}
	EndProjectSection
EndProject
Global
	GlobalSection(SolutionConfigurationPlatforms) = preSolution
		Debug|Any CPU = Debug|Any CPU
		Release|Any CPU = Release|Any CPU
	EndGlobalSection
	GlobalSection(ProjectConfigurationPlatforms) = postSolution
		{BC87A952-0F60-00C3-F954-CD10A162DAF7}.Debug|Any CPU.ActiveCfg = Debug|Any CPU
		{BC87A952-0F60-00C3-F954-CD10A162DAF7}.Debug|Any CPU.Build.0 = Debug|Any CPU
		{BC87A952-0F60-00C3-F954-CD10A162DAF7}.Release|Any CPU.ActiveCfg = Release|Any CPU
		{BC87A952-0F60-00C3-F954-CD10A162DAF7}.Release|Any CPU.Build.0 = Release|Any CPU
		{148B75B6-0BD3-A62E-3767-CF1D1023AB53}.Debug|Any CPU.ActiveCfg = Debug|Any CPU
		{148B75B6-0BD3-A62E-3767-CF1D1023AB53}.Debug|Any CPU.Build.0 = Debug|Any CPU
		{148B75B6-0BD3-A62E-3767-CF1D1023AB53}.Release|Any CPU.ActiveCfg = Release|Any CPU
		{148B75B6-0BD3-A62E-3767-CF1D1023AB53}.Release|Any CPU.Build.0 = Release|Any CPU
		{4BD8A353-7A70-9FC3-2E4E-EFB567AB278D}.Debug|Any CPU.ActiveCfg = Debug|Any CPU
		{4BD8A353-7A70-9FC3-2E4E-EFB567AB278D}.Debug|Any CPU.Build.0 = Debug|Any CPU
		{4BD8A353-7A70-9FC3-2E4E-EFB567AB278D}.Release|Any CPU.ActiveCfg = Release|Any CPU
		{4BD8A353-7A70-9FC3-2E4E-EFB567AB278D}.Release|Any CPU.Build.0 = Release|Any CPU
	EndGlobalSection
	GlobalSection(SolutionProperties) = preSolution
		HideSolutionNode = FALSE
	EndGlobalSection
	GlobalSection(ExtensibilityGlobals) = postSolution
		SolutionGuid = {465A7E25-7E3C-4187-9736-FA6CD67C3042}
	EndGlobalSection
EndGlobal
